// !$*UTF8*$!
{
	archiveVersion = 1;
	classes = {
	};
	objectVersion = 51;
	objects = {

/* Begin PBXBuildFile section */
		A19093097872D1A9514580CC /* Pods_RxSwiftDemo.framework in Frameworks */ = {isa = PBXBuildFile; fileRef = 9A84AC24799987DF73489C1D /* Pods_RxSwiftDemo.framework */; };
		EE7C4A2425E0E6B70039865F /* AppDelegate.swift in Sources */ = {isa = PBXBuildFile; fileRef = EE7C4A2325E0E6B70039865F /* AppDelegate.swift */; };
		EE7C4A2825E0E6B70039865F /* MainViewController.swift in Sources */ = {isa = PBXBuildFile; fileRef = EE7C4A2725E0E6B70039865F /* MainViewController.swift */; };
		EE7C4A2D25E0E6B80039865F /* Assets.xcassets in Resources */ = {isa = PBXBuildFile; fileRef = EE7C4A2C25E0E6B80039865F /* Assets.xcassets */; };
		EE7C4A3025E0E6B80039865F /* LaunchScreen.storyboard in Resources */ = {isa = PBXBuildFile; fileRef = EE7C4A2E25E0E6B80039865F /* LaunchScreen.storyboard */; };
		EE7C4A4B25E0EA970039865F /* Main.storyboard in Resources */ = {isa = PBXBuildFile; fileRef = EE7C4A4A25E0EA970039865F /* Main.storyboard */; };
		EE84A6F0262D68C000FE268A /* ObservableVC.swift in Sources */ = {isa = PBXBuildFile; fileRef = EE84A6EF262D68C000FE268A /* ObservableVC.swift */; };
		EE84A6F4262D7CBA00FE268A /* SubjectVC.swift in Sources */ = {isa = PBXBuildFile; fileRef = EE84A6F3262D7CBA00FE268A /* SubjectVC.swift */; };
		EE9C4783262EB05A006FA036 /* AddNameVC.swift in Sources */ = {isa = PBXBuildFile; fileRef = EE9C4782262EB05A006FA036 /* AddNameVC.swift */; };
		EE9C4793262EE08C006FA036 /* CombinationVC.swift in Sources */ = {isa = PBXBuildFile; fileRef = EE9C4792262EE08C006FA036 /* CombinationVC.swift */; };
		EEFCA5552632C8210049954F /* TableViewController.swift in Sources */ = {isa = PBXBuildFile; fileRef = EEFCA5542632C8210049954F /* TableViewController.swift */; };
		EEFCA5592632C84C0049954F /* Contributor.swift in Sources */ = {isa = PBXBuildFile; fileRef = EEFCA5582632C84C0049954F /* Contributor.swift */; };
/* End PBXBuildFile section */

/* Begin PBXFileReference section */
		4BD27D563A1EAED62A77B111 /* Pods-RxSwiftDemo.debug.xcconfig */ = {isa = PBXFileReference; includeInIndex = 1; lastKnownFileType = text.xcconfig; name = "Pods-RxSwiftDemo.debug.xcconfig"; path = "Target Support Files/Pods-RxSwiftDemo/Pods-RxSwiftDemo.debug.xcconfig"; sourceTree = "<group>"; };
		75361EF828B3CA2C2B81D04C /* Pods-RxSwiftDemo.release.xcconfig */ = {isa = PBXFileReference; includeInIndex = 1; lastKnownFileType = text.xcconfig; name = "Pods-RxSwiftDemo.release.xcconfig"; path = "Target Support Files/Pods-RxSwiftDemo/Pods-RxSwiftDemo.release.xcconfig"; sourceTree = "<group>"; };
		9A84AC24799987DF73489C1D /* Pods_RxSwiftDemo.framework */ = {isa = PBXFileReference; explicitFileType = wrapper.framework; includeInIndex = 0; path = Pods_RxSwiftDemo.framework; sourceTree = BUILT_PRODUCTS_DIR; };
		EE7C4A2025E0E6B70039865F /* RxSwiftDemo.app */ = {isa = PBXFileReference; explicitFileType = wrapper.application; includeInIndex = 0; path = RxSwiftDemo.app; sourceTree = BUILT_PRODUCTS_DIR; };
		EE7C4A2325E0E6B70039865F /* AppDelegate.swift */ = {isa = PBXFileReference; lastKnownFileType = sourcecode.swift; path = AppDelegate.swift; sourceTree = "<group>"; };
		EE7C4A2725E0E6B70039865F /* MainViewController.swift */ = {isa = PBXFileReference; lastKnownFileType = sourcecode.swift; path = MainViewController.swift; sourceTree = "<group>"; };
		EE7C4A2C25E0E6B80039865F /* Assets.xcassets */ = {isa = PBXFileReference; lastKnownFileType = folder.assetcatalog; path = Assets.xcassets; sourceTree = "<group>"; };
		EE7C4A2F25E0E6B80039865F /* Base */ = {isa = PBXFileReference; lastKnownFileType = file.storyboard; name = Base; path = Base.lproj/LaunchScreen.storyboard; sourceTree = "<group>"; };
		EE7C4A3125E0E6B80039865F /* Info.plist */ = {isa = PBXFileReference; lastKnownFileType = text.plist.xml; path = Info.plist; sourceTree = "<group>"; };
		EE7C4A4A25E0EA970039865F /* Main.storyboard */ = {isa = PBXFileReference; fileEncoding = 4; lastKnownFileType = file.storyboard; path = Main.storyboard; sourceTree = "<group>"; };
		EE84A6EF262D68C000FE268A /* ObservableVC.swift */ = {isa = PBXFileReference; lastKnownFileType = sourcecode.swift; path = ObservableVC.swift; sourceTree = "<group>"; };
		EE84A6F3262D7CBA00FE268A /* SubjectVC.swift */ = {isa = PBXFileReference; lastKnownFileType = sourcecode.swift; path = SubjectVC.swift; sourceTree = "<group>"; };
		EE9C4782262EB05A006FA036 /* AddNameVC.swift */ = {isa = PBXFileReference; lastKnownFileType = sourcecode.swift; path = AddNameVC.swift; sourceTree = "<group>"; };
		EE9C4792262EE08C006FA036 /* CombinationVC.swift */ = {isa = PBXFileReference; lastKnownFileType = sourcecode.swift; path = CombinationVC.swift; sourceTree = "<group>"; };
		EEFCA5542632C8210049954F /* TableViewController.swift */ = {isa = PBXFileReference; lastKnownFileType = sourcecode.swift; path = TableViewController.swift; sourceTree = "<group>"; };
		EEFCA5582632C84C0049954F /* Contributor.swift */ = {isa = PBXFileReference; lastKnownFileType = sourcecode.swift; path = Contributor.swift; sourceTree = "<group>"; };
/* End PBXFileReference section */

/* Begin PBXFrameworksBuildPhase section */
		EE7C4A1D25E0E6B70039865F /* Frameworks */ = {
			isa = PBXFrameworksBuildPhase;
			buildActionMask = 2147483647;
			files = (
				A19093097872D1A9514580CC /* Pods_RxSwiftDemo.framework in Frameworks */,
			);
			runOnlyForDeploymentPostprocessing = 0;
		};
/* End PBXFrameworksBuildPhase section */

/* Begin PBXGroup section */
		56CCF4B4AB09F63120A32BB6 /* Pods */ = {
			isa = PBXGroup;
			children = (
				4BD27D563A1EAED62A77B111 /* Pods-RxSwiftDemo.debug.xcconfig */,
				75361EF828B3CA2C2B81D04C /* Pods-RxSwiftDemo.release.xcconfig */,
			);
			path = Pods;
			sourceTree = "<group>";
		};
		794E6AA559658D77C119A96E /* Frameworks */ = {
			isa = PBXGroup;
			children = (
				9A84AC24799987DF73489C1D /* Pods_RxSwiftDemo.framework */,
			);
			name = Frameworks;
			sourceTree = "<group>";
		};
		EE7C4A1725E0E6B70039865F = {
			isa = PBXGroup;
			children = (
				EE7C4A2225E0E6B70039865F /* RxSwiftDemo */,
				EE7C4A2125E0E6B70039865F /* Products */,
				56CCF4B4AB09F63120A32BB6 /* Pods */,
				794E6AA559658D77C119A96E /* Frameworks */,
			);
			sourceTree = "<group>";
		};
		EE7C4A2125E0E6B70039865F /* Products */ = {
			isa = PBXGroup;
			children = (
				EE7C4A2025E0E6B70039865F /* RxSwiftDemo.app */,
			);
			name = Products;
			sourceTree = "<group>";
		};
		EE7C4A2225E0E6B70039865F /* RxSwiftDemo */ = {
			isa = PBXGroup;
			children = (
				EEFCA5532632C80E0049954F /* TableView */,
				EE9C4791262EE07A006FA036 /* Combination */,
				EE9C4781262EB049006FA036 /* Example */,
				EE84A6F2262D7C9E00FE268A /* Subject */,
				EE84A6ED262D677B00FE268A /* Observable  */,
				EE7C4A2325E0E6B70039865F /* AppDelegate.swift */,
				EE7C4A2725E0E6B70039865F /* MainViewController.swift */,
				EE7C4A2C25E0E6B80039865F /* Assets.xcassets */,
				EE7C4A2E25E0E6B80039865F /* LaunchScreen.storyboard */,
				EE7C4A4A25E0EA970039865F /* Main.storyboard */,
				EE7C4A3125E0E6B80039865F /* Info.plist */,
			);
			path = RxSwiftDemo;
			sourceTree = "<group>";
		};
		EE84A6ED262D677B00FE268A /* Observable  */ = {
			isa = PBXGroup;
			children = (
				EE84A6EF262D68C000FE268A /* ObservableVC.swift */,
			);
			path = "Observable ";
			sourceTree = "<group>";
		};
		EE84A6F2262D7C9E00FE268A /* Subject */ = {
			isa = PBXGroup;
			children = (
				EE84A6F3262D7CBA00FE268A /* SubjectVC.swift */,
			);
			path = Subject;
			sourceTree = "<group>";
		};
		EE9C4781262EB049006FA036 /* Example */ = {
			isa = PBXGroup;
			children = (
				EE9C4782262EB05A006FA036 /* AddNameVC.swift */,
			);
			path = Example;
			sourceTree = "<group>";
		};
		EE9C4791262EE07A006FA036 /* Combination */ = {
			isa = PBXGroup;
			children = (
				EE9C4792262EE08C006FA036 /* CombinationVC.swift */,
			);
			path = Combination;
			sourceTree = "<group>";
		};
		EEFCA5532632C80E0049954F /* TableView */ = {
			isa = PBXGroup;
			children = (
				EEFCA5542632C8210049954F /* TableViewController.swift */,
				EEFCA5582632C84C0049954F /* Contributor.swift */,
			);
			path = TableView;
			sourceTree = "<group>";
		};
/* End PBXGroup section */

/* Begin PBXNativeTarget section */
		EE7C4A1F25E0E6B70039865F /* RxSwiftDemo */ = {
			isa = PBXNativeTarget;
			buildConfigurationList = EE7C4A3425E0E6B80039865F /* Build configuration list for PBXNativeTarget "RxSwiftDemo" */;
			buildPhases = (
				DEFEFC990672B7BC1C57F998 /* [CP] Check Pods Manifest.lock */,
				EE7C4A1C25E0E6B70039865F /* Sources */,
				EE7C4A1D25E0E6B70039865F /* Frameworks */,
				EE7C4A1E25E0E6B70039865F /* Resources */,
				7C3A5C99809F0B88588AEB17 /* [CP] Embed Pods Frameworks */,
			);
			buildRules = (
			);
			dependencies = (
			);
			name = RxSwiftDemo;
			productName = RxSwiftDemo;
			productReference = EE7C4A2025E0E6B70039865F /* RxSwiftDemo.app */;
			productType = "com.apple.product-type.application";
		};
/* End PBXNativeTarget section */

/* Begin PBXProject section */
		EE7C4A1825E0E6B70039865F /* Project object */ = {
			isa = PBXProject;
			attributes = {
				LastSwiftUpdateCheck = 1240;
				LastUpgradeCheck = 1240;
				TargetAttributes = {
					EE7C4A1F25E0E6B70039865F = {
						CreatedOnToolsVersion = 12.4;
					};
				};
			};
			buildConfigurationList = EE7C4A1B25E0E6B70039865F /* Build configuration list for PBXProject "RxSwiftDemo" */;
			compatibilityVersion = "Xcode 9.3";
			developmentRegion = en;
			hasScannedForEncodings = 0;
			knownRegions = (
				en,
				Base,
			);
			mainGroup = EE7C4A1725E0E6B70039865F;
			productRefGroup = EE7C4A2125E0E6B70039865F /* Products */;
			projectDirPath = "";
			projectRoot = "";
			targets = (
				EE7C4A1F25E0E6B70039865F /* RxSwiftDemo */,
			);
		};
/* End PBXProject section */

/* Begin PBXResourcesBuildPhase section */
		EE7C4A1E25E0E6B70039865F /* Resources */ = {
			isa = PBXResourcesBuildPhase;
			buildActionMask = 2147483647;
			files = (
				EE7C4A4B25E0EA970039865F /* Main.storyboard in Resources */,
				EE7C4A3025E0E6B80039865F /* LaunchScreen.storyboard in Resources */,
				EE7C4A2D25E0E6B80039865F /* Assets.xcassets in Resources */,
			);
			runOnlyForDeploymentPostprocessing = 0;
		};
/* End PBXResourcesBuildPhase section */

/* Begin PBXShellScriptBuildPhase section */
		7C3A5C99809F0B88588AEB17 /* [CP] Embed Pods Frameworks */ = {
			isa = PBXShellScriptBuildPhase;
			buildActionMask = 2147483647;
			files = (
			);
			inputFileListPaths = (
				"${PODS_ROOT}/Target Support Files/Pods-RxSwiftDemo/Pods-RxSwiftDemo-frameworks-${CONFIGURATION}-input-files.xcfilelist",
			);
			name = "[CP] Embed Pods Frameworks";
			outputFileListPaths = (
				"${PODS_ROOT}/Target Support Files/Pods-RxSwiftDemo/Pods-RxSwiftDemo-frameworks-${CONFIGURATION}-output-files.xcfilelist",
			);
			runOnlyForDeploymentPostprocessing = 0;
			shellPath = /bin/sh;
			shellScript = "\"${PODS_ROOT}/Target Support Files/Pods-RxSwiftDemo/Pods-RxSwiftDemo-frameworks.sh\"\n";
			showEnvVarsInLog = 0;
		};
		DEFEFC990672B7BC1C57F998 /* [CP] Check Pods Manifest.lock */ = {
			isa = PBXShellScriptBuildPhase;
			buildActionMask = 2147483647;
			files = (
			);
			inputFileListPaths = (
			);
			inputPaths = (
				"${PODS_PODFILE_DIR_PATH}/Podfile.lock",
				"${PODS_ROOT}/Manifest.lock",
			);
			name = "[CP] Check Pods Manifest.lock";
			outputFileListPaths = (
			);
			outputPaths = (
				"$(DERIVED_FILE_DIR)/Pods-RxSwiftDemo-checkManifestLockResult.txt",
			);
			runOnlyForDeploymentPostprocessing = 0;
			shellPath = /bin/sh;
			shellScript = "diff \"${PODS_PODFILE_DIR_PATH}/Podfile.lock\" \"${PODS_ROOT}/Manifest.lock\" > /dev/null\nif [ $? != 0 ] ; then\n    # print error to STDERR\n    echo \"error: The sandbox is not in sync with the Podfile.lock. Run 'pod install' or update your CocoaPods installation.\" >&2\n    exit 1\nfi\n# This output is used by Xcode 'outputs' to avoid re-running this script phase.\necho \"SUCCESS\" > \"${SCRIPT_OUTPUT_FILE_0}\"\n";
			showEnvVarsInLog = 0;
		};
/* End PBXShellScriptBuildPhase section */

/* Begin PBXSourcesBuildPhase section */
		EE7C4A1C25E0E6B70039865F /* Sources */ = {
			isa = PBXSourcesBuildPhase;
			buildActionMask = 2147483647;
			files = (
				EE84A6F4262D7CBA00FE268A /* SubjectVC.swift in Sources */,
				EEFCA5552632C8210049954F /* TableViewController.swift in Sources */,
				EE9C4783262EB05A006FA036 /* AddNameVC.swift in Sources */,
				EE9C4793262EE08C006FA036 /* CombinationVC.swift in Sources */,
				EE7C4A2825E0E6B70039865F /* MainViewController.swift in Sources */,
				EE7C4A2425E0E6B70039865F /* AppDelegate.swift in Sources */,
				EE84A6F0262D68C000FE268A /* ObservableVC.swift in Sources */,
				EEFCA5592632C84C0049954F /* Contributor.swift in Sources */,
			);
			runOnlyForDeploymentPostprocessing = 0;
		};
/* End PBXSourcesBuildPhase section */

/* Begin PBXVariantGroup section */
		EE7C4A2E25E0E6B80039865F /* LaunchScreen.storyboard */ = {
			isa = PBXVariantGroup;
			children = (
				EE7C4A2F25E0E6B80039865F /* Base */,
			);
			name = LaunchScreen.storyboard;
			sourceTree = "<group>";
		};
/* End PBXVariantGroup section */

/* Begin XCBuildConfiguration section */
		EE7C4A3225E0E6B80039865F /* Debug */ = {
			isa = XCBuildConfiguration;
			buildSettings = {
				ALWAYS_SEARCH_USER_PATHS = NO;
				CLANG_ANALYZER_NONNULL = YES;
				CLANG_ANALYZER_NUMBER_OBJECT_CONVERSION = YES_AGGRESSIVE;
				CLANG_CXX_LANGUAGE_STANDARD = "gnu++14";
				CLANG_CXX_LIBRARY = "libc++";
				CLANG_ENABLE_MODULES = YES;
				CLANG_ENABLE_OBJC_ARC = YES;
				CLANG_ENABLE_OBJC_WEAK = YES;
				CLANG_WARN_BLOCK_CAPTURE_AUTORELEASING = YES;
				CLANG_WARN_BOOL_CONVERSION = YES;
				CLANG_WARN_COMMA = YES;
				CLANG_WARN_CONSTANT_CONVERSION = YES;
				CLANG_WARN_DEPRECATED_OBJC_IMPLEMENTATIONS = YES;
				CLANG_WARN_DIRECT_OBJC_ISA_USAGE = YES_ERROR;
				CLANG_WARN_DOCUMENTATION_COMMENTS = YES;
				CLANG_WARN_EMPTY_BODY = YES;
				CLANG_WARN_ENUM_CONVERSION = YES;
				CLANG_WARN_INFINITE_RECURSION = YES;
				CLANG_WARN_INT_CONVERSION = YES;
				CLANG_WARN_NON_LITERAL_NULL_CONVERSION = YES;
				CLANG_WARN_OBJC_IMPLICIT_RETAIN_SELF = YES;
				CLANG_WARN_OBJC_LITERAL_CONVERSION = YES;
				CLANG_WARN_OBJC_ROOT_CLASS = YES_ERROR;
				CLANG_WARN_QUOTED_INCLUDE_IN_FRAMEWORK_HEADER = YES;
				CLANG_WARN_RANGE_LOOP_ANALYSIS = YES;
				CLANG_WARN_STRICT_PROTOTYPES = YES;
				CLANG_WARN_SUSPICIOUS_MOVE = YES;
				CLANG_WARN_UNGUARDED_AVAILABILITY = YES_AGGRESSIVE;
				CLANG_WARN_UNREACHABLE_CODE = YES;
				CLANG_WARN__DUPLICATE_METHOD_MATCH = YES;
				COPY_PHASE_STRIP = NO;
				DEBUG_INFORMATION_FORMAT = dwarf;
				ENABLE_STRICT_OBJC_MSGSEND = YES;
				ENABLE_TESTABILITY = YES;
				GCC_C_LANGUAGE_STANDARD = gnu11;
				GCC_DYNAMIC_NO_PIC = NO;
				GCC_NO_COMMON_BLOCKS = YES;
				GCC_OPTIMIZATION_LEVEL = 0;
				GCC_PREPROCESSOR_DEFINITIONS = (
					"DEBUG=1",
					"$(inherited)",
				);
				GCC_WARN_64_TO_32_BIT_CONVERSION = YES;
				GCC_WARN_ABOUT_RETURN_TYPE = YES_ERROR;
				GCC_WARN_UNDECLARED_SELECTOR = YES;
				GCC_WARN_UNINITIALIZED_AUTOS = YES_AGGRESSIVE;
				GCC_WARN_UNUSED_FUNCTION = YES;
				GCC_WARN_UNUSED_VARIABLE = YES;
				IPHONEOS_DEPLOYMENT_TARGET = 14.4;
				MTL_ENABLE_DEBUG_INFO = INCLUDE_SOURCE;
				MTL_FAST_MATH = YES;
				ONLY_ACTIVE_ARCH = YES;
				SDKROOT = iphoneos;
				SWIFT_ACTIVE_COMPILATION_CONDITIONS = DEBUG;
				SWIFT_OPTIMIZATION_LEVEL = "-Onone";
			};
			name = Debug;
		};
		EE7C4A3325E0E6B80039865F /* Release */ = {
			isa = XCBuildConfiguration;
			buildSettings = {
				ALWAYS_SEARCH_USER_PATHS = NO;
				CLANG_ANALYZER_NONNULL = YES;
				CLANG_ANALYZER_NUMBER_OBJECT_CONVERSION = YES_AGGRESSIVE;
				CLANG_CXX_LANGUAGE_STANDARD = "gnu++14";
				CLANG_CXX_LIBRARY = "libc++";
				CLANG_ENABLE_MODULES = YES;
				CLANG_ENABLE_OBJC_ARC = YES;
				CLANG_ENABLE_OBJC_WEAK = YES;
				CLANG_WARN_BLOCK_CAPTURE_AUTORELEASING = YES;
				CLANG_WARN_BOOL_CONVERSION = YES;
				CLANG_WARN_COMMA = YES;
				CLANG_WARN_CONSTANT_CONVERSION = YES;
				CLANG_WARN_DEPRECATED_OBJC_IMPLEMENTATIONS = YES;
				CLANG_WARN_DIRECT_OBJC_ISA_USAGE = YES_ERROR;
				CLANG_WARN_DOCUMENTATION_COMMENTS = YES;
				CLANG_WARN_EMPTY_BODY = YES;
				CLANG_WARN_ENUM_CONVERSION = YES;
				CLANG_WARN_INFINITE_RECURSION = YES;
				CLANG_WARN_INT_CONVERSION = YES;
				CLANG_WARN_NON_LITERAL_NULL_CONVERSION = YES;
				CLANG_WARN_OBJC_IMPLICIT_RETAIN_SELF = YES;
				CLANG_WARN_OBJC_LITERAL_CONVERSION = YES;
				CLANG_WARN_OBJC_ROOT_CLASS = YES_ERROR;
				CLANG_WARN_QUOTED_INCLUDE_IN_FRAMEWORK_HEADER = YES;
				CLANG_WARN_RANGE_LOOP_ANALYSIS = YES;
				CLANG_WARN_STRICT_PROTOTYPES = YES;
				CLANG_WARN_SUSPICIOUS_MOVE = YES;
				CLANG_WARN_UNGUARDED_AVAILABILITY = YES_AGGRESSIVE;
				CLANG_WARN_UNREACHABLE_CODE = YES;
				CLANG_WARN__DUPLICATE_METHOD_MATCH = YES;
				COPY_PHASE_STRIP = NO;
				DEBUG_INFORMATION_FORMAT = "dwarf-with-dsym";
				ENABLE_NS_ASSERTIONS = NO;
				ENABLE_STRICT_OBJC_MSGSEND = YES;
				GCC_C_LANGUAGE_STANDARD = gnu11;
				GCC_NO_COMMON_BLOCKS = YES;
				GCC_WARN_64_TO_32_BIT_CONVERSION = YES;
				GCC_WARN_ABOUT_RETURN_TYPE = YES_ERROR;
				GCC_WARN_UNDECLARED_SELECTOR = YES;
				GCC_WARN_UNINITIALIZED_AUTOS = YES_AGGRESSIVE;
				GCC_WARN_UNUSED_FUNCTION = YES;
				GCC_WARN_UNUSED_VARIABLE = YES;
				IPHONEOS_DEPLOYMENT_TARGET = 14.4;
				MTL_ENABLE_DEBUG_INFO = NO;
				MTL_FAST_MATH = YES;
				SDKROOT = iphoneos;
				SWIFT_COMPILATION_MODE = wholemodule;
				SWIFT_OPTIMIZATION_LEVEL = "-O";
				VALIDATE_PRODUCT = YES;
			};
			name = Release;
		};
		EE7C4A3525E0E6B80039865F /* Debug */ = {
			isa = XCBuildConfiguration;
			baseConfigurationReference = 4BD27D563A1EAED62A77B111 /* Pods-RxSwiftDemo.debug.xcconfig */;
			buildSettings = {
				ASSETCATALOG_COMPILER_APPICON_NAME = AppIcon;
				ASSETCATALOG_COMPILER_GLOBAL_ACCENT_COLOR_NAME = AccentColor;
				CODE_SIGN_STYLE = Automatic;
				INFOPLIST_FILE = RxSwiftDemo/Info.plist;
				LD_RUNPATH_SEARCH_PATHS = (
					"$(inherited)",
					"@executable_path/Frameworks",
				);
				PRODUCT_BUNDLE_IDENTIFIER = com.junwen.RxSwiftDemo;
				PRODUCT_NAME = "$(TARGET_NAME)";
				SWIFT_VERSION = 5.0;
				TARGETED_DEVICE_FAMILY = "1,2";
			};
			name = Debug;
		};
		EE7C4A3625E0E6B80039865F /* Release */ = {
			isa = XCBuildConfiguration;
			baseConfigurationReference = 75361EF828B3CA2C2B81D04C /* Pods-RxSwiftDemo.release.xcconfig */;
			buildSettings = {
				ASSETCATALOG_COMPILER_APPICON_NAME = AppIcon;
				ASSETCATALOG_COMPILER_GLOBAL_ACCENT_COLOR_NAME = AccentColor;
				CODE_SIGN_STYLE = Automatic;
				INFOPLIST_FILE = RxSwiftDemo/Info.plist;
				LD_RUNPATH_SEARCH_PATHS = (
					"$(inherited)",
					"@executable_path/Frameworks",
				);
				PRODUCT_BUNDLE_IDENTIFIER = com.junwen.RxSwiftDemo;
				PRODUCT_NAME = "$(TARGET_NAME)";
				SWIFT_VERSION = 5.0;
				TARGETED_DEVICE_FAMILY = "1,2";
			};
			name = Release;
		};
/* End XCBuildConfiguration section */

/* Begin XCConfigurationList section */
		EE7C4A1B25E0E6B70039865F /* Build configuration list for PBXProject "RxSwiftDemo" */ = {
			isa = XCConfigurationList;
			buildConfigurations = (
				EE7C4A3225E0E6B80039865F /* Debug */,
				EE7C4A3325E0E6B80039865F /* Release */,
			);
			defaultConfigurationIsVisible = 0;
			defaultConfigurationName = Release;
		};
		EE7C4A3425E0E6B80039865F /* Build configuration list for PBXNativeTarget "RxSwiftDemo" */ = {
			isa = XCConfigurationList;
			buildConfigurations = (
				EE7C4A3525E0E6B80039865F /* Debug */,
				EE7C4A3625E0E6B80039865F /* Release */,
			);
			defaultConfigurationIsVisible = 0;
			defaultConfigurationName = Release;
		};
/* End XCConfigurationList section */
	};
	rootObject = EE7C4A1825E0E6B70039865F /* Project object */;
}
